
Microsoft Visual Studio Solution File, Format Version 12.00
# Visual Studio Version 16
VisualStudioVersion = 16.0.30413.136
MinimumVisualStudioVersion = 10.0.40219.1
Project("{FAE04EC0-301F-11D3-BF4B-00C04F79EFBC}") = "Tekstiredaktor_Tsõbirev", "Tekstiredaktor_Tsõbirev.csproj", "{33BAB820-2F35-4F0F-B9FB-981F44EA57B0}"
EndProject
Global
	GlobalSection(SolutionConfigurationPlatforms) = preSolution
		Debug|Any CPU = Debug|Any CPU
		Release|Any CPU = Release|Any CPU
	EndGlobalSection
	GlobalSection(ProjectConfigurationPlatforms) = postSolution
		{33BAB820-2F35-4F0F-B9FB-981F44EA57B0}.Debug|Any CPU.ActiveCfg = Debug|Any CPU
		{33BAB820-2F35-4F0F-B9FB-981F44EA57B0}.Debug|Any CPU.Build.0 = Debug|Any CPU
		{33BAB820-2F35-4F0F-B9FB-981F44EA57B0}.Release|Any CPU.ActiveCfg = Release|Any CPU
		{33BAB820-2F35-4F0F-B9FB-981F44EA57B0}.Release|Any CPU.Build.0 = Release|Any CPU
	EndGlobalSection
	GlobalSection(SolutionProperties) = preSolution
		HideSolutionNode = FALSE
	EndGlobalSection
	GlobalSection(ExtensibilityGlobals) = postSolution
		SolutionGuid = {917AB4C6-EF1C-4BB0-A4C1-E762E64117E8}
	EndGlobalSection
EndGlobal
